
Microsoft Visual Studio Solution File, Format Version 12.00
# Visual Studio Version 17
VisualStudioVersion = 17.7.34031.279
MinimumVisualStudioVersion = 10.0.40219.1
Project("{9A19103F-16F7-4668-BE54-9A1E7A4F7556}") = "MyReactApp", "MyReactApp.csproj", "{D70E5CD0-2155-4CBB-AA11-A0B59C9D651C}"
EndProject
Global
	GlobalSection(SolutionConfigurationPlatforms) = preSolution
		Debug|Any CPU = Debug|Any CPU
		Release|Any CPU = Release|Any CPU
	EndGlobalSection
	GlobalSection(ProjectConfigurationPlatforms) = postSolution
		{D70E5CD0-2155-4CBB-AA11-A0B59C9D651C}.Debug|Any CPU.ActiveCfg = Debug|Any CPU
		{D70E5CD0-2155-4CBB-AA11-A0B59C9D651C}.Debug|Any CPU.Build.0 = Debug|Any CPU
		{D70E5CD0-2155-4CBB-AA11-A0B59C9D651C}.Release|Any CPU.ActiveCfg = Release|Any CPU
		{D70E5CD0-2155-4CBB-AA11-A0B59C9D651C}.Release|Any CPU.Build.0 = Release|Any CPU
	EndGlobalSection
	GlobalSection(SolutionProperties) = preSolution
		HideSolutionNode = FALSE
	EndGlobalSection
	GlobalSection(ExtensibilityGlobals) = postSolution
		SolutionGuid = {5BEC9C2B-BC17-4E9F-992D-64D1E3E8479D}
	EndGlobalSection
EndGlobal
